
Microsoft Visual Studio Solution File, Format Version 12.00
# Visual Studio Version 17
VisualStudioVersion = 17.8.34309.116
MinimumVisualStudioVersion = 10.0.40219.1
Project("{FAE04EC0-301F-11D3-BF4B-00C04F79EFBC}") = "Auto Wool Patching", "Auto Wool Patching.csproj", "{A539DA2A-884A-4D66-88C7-07DBFF25FD86}"
EndProject
Global
	GlobalSection(SolutionConfigurationPlatforms) = preSolution
		1.4|Any CPU = 1.4|Any CPU
		1.5|Any CPU = 1.5|Any CPU
		Debug|Any CPU = Debug|Any CPU
		Release|Any CPU = Release|Any CPU
	EndGlobalSection
	GlobalSection(ProjectConfigurationPlatforms) = postSolution
		{A539DA2A-884A-4D66-88C7-07DBFF25FD86}.1.4|Any CPU.ActiveCfg = 1.4|Any CPU
		{A539DA2A-884A-4D66-88C7-07DBFF25FD86}.1.4|Any CPU.Build.0 = 1.4|Any CPU
		{A539DA2A-884A-4D66-88C7-07DBFF25FD86}.1.5|Any CPU.ActiveCfg = 1.5|Any CPU
		{A539DA2A-884A-4D66-88C7-07DBFF25FD86}.1.5|Any CPU.Build.0 = 1.5|Any CPU
		{A539DA2A-884A-4D66-88C7-07DBFF25FD86}.Debug|Any CPU.ActiveCfg = Debug|Any CPU
		{A539DA2A-884A-4D66-88C7-07DBFF25FD86}.Debug|Any CPU.Build.0 = Debug|Any CPU
		{A539DA2A-884A-4D66-88C7-07DBFF25FD86}.Release|Any CPU.ActiveCfg = Release|Any CPU
		{A539DA2A-884A-4D66-88C7-07DBFF25FD86}.Release|Any CPU.Build.0 = Release|Any CPU
	EndGlobalSection
	GlobalSection(SolutionProperties) = preSolution
		HideSolutionNode = FALSE
	EndGlobalSection
	GlobalSection(ExtensibilityGlobals) = postSolution
		SolutionGuid = {B9213511-4918-49A3-9C22-EC6AF3022E7B}
	EndGlobalSection
EndGlobal
